
Microsoft Visual Studio Solution File, Format Version 12.00
# Visual Studio 15
VisualStudioVersion = 15.0.28010.2016
MinimumVisualStudioVersion = 10.0.40219.1
Project("{FAE04EC0-301F-11D3-BF4B-00C04F79EFBC}") = "FileInfoDirectoryInfo", "FileInfoDirectoryInfo\FileInfoDirectoryInfo.csproj", "{E96A637F-B6B5-456B-8AB7-A5FA4FD57EC1}"
EndProject
Global
	GlobalSection(SolutionConfigurationPlatforms) = preSolution
		Debug|Any CPU = Debug|Any CPU
		Release|Any CPU = Release|Any CPU
	EndGlobalSection
	GlobalSection(ProjectConfigurationPlatforms) = postSolution
		{E96A637F-B6B5-456B-8AB7-A5FA4FD57EC1}.Debug|Any CPU.ActiveCfg = Debug|Any CPU
		{E96A637F-B6B5-456B-8AB7-A5FA4FD57EC1}.Debug|Any CPU.Build.0 = Debug|Any CPU
		{E96A637F-B6B5-456B-8AB7-A5FA4FD57EC1}.Release|Any CPU.ActiveCfg = Release|Any CPU
		{E96A637F-B6B5-456B-8AB7-A5FA4FD57EC1}.Release|Any CPU.Build.0 = Release|Any CPU
	EndGlobalSection
	GlobalSection(SolutionProperties) = preSolution
		HideSolutionNode = FALSE
	EndGlobalSection
	GlobalSection(ExtensibilityGlobals) = postSolution
		SolutionGuid = {39B98DE4-D010-4938-841F-4696DBCCDBA8}
	EndGlobalSection
EndGlobal
